lockfileVersion: '6.0'

settings:
  autoInstallPeers: true
  excludeLinksFromLockfile: false

dependencies:
  blo:
    specifier: ^0.4.4
    version: 0.4.4

packages:

  /blo@0.4.4:
    resolution: {integrity: sha512-G9Q+FxEqTBFLYrP5FX9TbU5JPHYvj57NF6vRr/deijcLt3BhdgYYd0Hw+09rWO+Frj4W5FoPvqzvBTzAA0PZjw==}
    engines: {node: '>=16'}
    dev: false
