{
  "lockfileVersion": 1,
  "workspaces": {
    "": {
      "name": "demo-bun",
      "dependencies": {
        "blo": "latest",
      },
    },
  },
  "packages": {
    "blo": ["blo@1.2.0", "", {}, "sha512-bZES7RzJ14B4WBT3JuOHSOAvCBmUhqznrojQ8xRjN1Fx9X9N7R+rygOFS3k4wXel2nFg4lwzL3luAYzObaDLng=="],
  }
}
