lockfileVersion: '6.0'

settings:
  autoInstallPeers: true
  excludeLinksFromLockfile: false

dependencies:
  blo:
    specifier: file:../..
    version: file:../..

packages:

  file:../..:
    resolution: {directory: ../.., type: directory}
    name: blo
    engines: {node: '>=16'}
    dev: false
